
Microsoft Visual Studio Solution File, Format Version 12.00
# Visual Studio 15
VisualStudioVersion = 15.0.28307.852
MinimumVisualStudioVersion = 10.0.40219.1
Project("{FAE04EC0-301F-11D3-BF4B-00C04F79EFBC}") = "TakeHome", "TakeHome\TakeHome.csproj", "{37DFDD98-29EA-45C5-85D4-7C79E35B779F}"
EndProject
Global
	GlobalSection(SolutionConfigurationPlatforms) = preSolution
		Debug|Any CPU = Debug|Any CPU
		Release|Any CPU = Release|Any CPU
	EndGlobalSection
	GlobalSection(ProjectConfigurationPlatforms) = postSolution
		{37DFDD98-29EA-45C5-85D4-7C79E35B779F}.Debug|Any CPU.ActiveCfg = Debug|Any CPU
		{37DFDD98-29EA-45C5-85D4-7C79E35B779F}.Debug|Any CPU.Build.0 = Debug|Any CPU
		{37DFDD98-29EA-45C5-85D4-7C79E35B779F}.Release|Any CPU.ActiveCfg = Release|Any CPU
		{37DFDD98-29EA-45C5-85D4-7C79E35B779F}.Release|Any CPU.Build.0 = Release|Any CPU
	EndGlobalSection
	GlobalSection(SolutionProperties) = preSolution
		HideSolutionNode = FALSE
	EndGlobalSection
	GlobalSection(ExtensibilityGlobals) = postSolution
		SolutionGuid = {5AD672D1-79F9-4F8E-905B-C58964379D71}
	EndGlobalSection
EndGlobal
